
Microsoft Visual Studio Solution File, Format Version 12.00
# Visual Studio 15
VisualStudioVersion = 15.0.26124.0
MinimumVisualStudioVersion = 15.0.26124.0
Project("{2150E333-8FDC-42A3-9474-1A3956D46DE8}") = "Sources", "Sources", "{C9055BB1-E586-4D97-8355-5329E0178089}"
EndProject
Project("{FAE04EC0-301F-11D3-BF4B-00C04F79EFBC}") = "Serverless.WebApi", "Sources\Serverless.WebApi\Serverless.WebApi.csproj", "{2F403936-0781-4034-BE15-410EA567015E}"
EndProject
Global
	GlobalSection(SolutionConfigurationPlatforms) = preSolution
		Debug|Any CPU = Debug|Any CPU
		Debug|x64 = Debug|x64
		Debug|x86 = Debug|x86
		Release|Any CPU = Release|Any CPU
		Release|x64 = Release|x64
		Release|x86 = Release|x86
	EndGlobalSection
	GlobalSection(SolutionProperties) = preSolution
		HideSolutionNode = FALSE
	EndGlobalSection
	GlobalSection(ProjectConfigurationPlatforms) = postSolution
		{2F403936-0781-4034-BE15-410EA567015E}.Debug|Any CPU.ActiveCfg = Debug|Any CPU
		{2F403936-0781-4034-BE15-410EA567015E}.Debug|Any CPU.Build.0 = Debug|Any CPU
		{2F403936-0781-4034-BE15-410EA567015E}.Debug|x64.ActiveCfg = Debug|Any CPU
		{2F403936-0781-4034-BE15-410EA567015E}.Debug|x64.Build.0 = Debug|Any CPU
		{2F403936-0781-4034-BE15-410EA567015E}.Debug|x86.ActiveCfg = Debug|Any CPU
		{2F403936-0781-4034-BE15-410EA567015E}.Debug|x86.Build.0 = Debug|Any CPU
		{2F403936-0781-4034-BE15-410EA567015E}.Release|Any CPU.ActiveCfg = Release|Any CPU
		{2F403936-0781-4034-BE15-410EA567015E}.Release|Any CPU.Build.0 = Release|Any CPU
		{2F403936-0781-4034-BE15-410EA567015E}.Release|x64.ActiveCfg = Release|Any CPU
		{2F403936-0781-4034-BE15-410EA567015E}.Release|x64.Build.0 = Release|Any CPU
		{2F403936-0781-4034-BE15-410EA567015E}.Release|x86.ActiveCfg = Release|Any CPU
		{2F403936-0781-4034-BE15-410EA567015E}.Release|x86.Build.0 = Release|Any CPU
	EndGlobalSection
	GlobalSection(NestedProjects) = preSolution
		{2F403936-0781-4034-BE15-410EA567015E} = {C9055BB1-E586-4D97-8355-5329E0178089}
	EndGlobalSection
EndGlobal
